
Microsoft Visual Studio Solution File, Format Version 12.00
# Visual Studio 2013
VisualStudioVersion = 12.0.30501.0
MinimumVisualStudioVersion = 10.0.40219.1
Project("{FAE04EC0-301F-11D3-BF4B-00C04F79EFBC}") = "Web.UI", "StartupApp\Web.UI.csproj", "{B66B82EC-426E-4C18-9B4D-FC4C4383302C}"
EndProject
Project("{FAE04EC0-301F-11D3-BF4B-00C04F79EFBC}") = "Web.UI.Tests", "StartupApp.Tests\Web.UI.Tests.csproj", "{29132B10-A623-4C19-84A1-1649182B8C00}"
EndProject
Project("{FAE04EC0-301F-11D3-BF4B-00C04F79EFBC}") = "Repository", "Repository\Repository.csproj", "{9FB11D36-A03A-448A-BC2D-C9C9F4EE9D1E}"
EndProject
Project("{FAE04EC0-301F-11D3-BF4B-00C04F79EFBC}") = "Web.Security", "Web.Security\Web.Security.csproj", "{375289BB-48E0-421B-B708-4B58F0563ABE}"
EndProject
Global
	GlobalSection(SolutionConfigurationPlatforms) = preSolution
		Debug|Any CPU = Debug|Any CPU
		Release|Any CPU = Release|Any CPU
	EndGlobalSection
	GlobalSection(ProjectConfigurationPlatforms) = postSolution
		{B66B82EC-426E-4C18-9B4D-FC4C4383302C}.Debug|Any CPU.ActiveCfg = Debug|Any CPU
		{B66B82EC-426E-4C18-9B4D-FC4C4383302C}.Debug|Any CPU.Build.0 = Debug|Any CPU
		{B66B82EC-426E-4C18-9B4D-FC4C4383302C}.Release|Any CPU.ActiveCfg = Release|Any CPU
		{B66B82EC-426E-4C18-9B4D-FC4C4383302C}.Release|Any CPU.Build.0 = Release|Any CPU
		{29132B10-A623-4C19-84A1-1649182B8C00}.Debug|Any CPU.ActiveCfg = Debug|Any CPU
		{29132B10-A623-4C19-84A1-1649182B8C00}.Debug|Any CPU.Build.0 = Debug|Any CPU
		{29132B10-A623-4C19-84A1-1649182B8C00}.Release|Any CPU.ActiveCfg = Release|Any CPU
		{29132B10-A623-4C19-84A1-1649182B8C00}.Release|Any CPU.Build.0 = Release|Any CPU
		{9FB11D36-A03A-448A-BC2D-C9C9F4EE9D1E}.Debug|Any CPU.ActiveCfg = Debug|Any CPU
		{9FB11D36-A03A-448A-BC2D-C9C9F4EE9D1E}.Debug|Any CPU.Build.0 = Debug|Any CPU
		{9FB11D36-A03A-448A-BC2D-C9C9F4EE9D1E}.Release|Any CPU.ActiveCfg = Release|Any CPU
		{9FB11D36-A03A-448A-BC2D-C9C9F4EE9D1E}.Release|Any CPU.Build.0 = Release|Any CPU
		{375289BB-48E0-421B-B708-4B58F0563ABE}.Debug|Any CPU.ActiveCfg = Debug|Any CPU
		{375289BB-48E0-421B-B708-4B58F0563ABE}.Debug|Any CPU.Build.0 = Debug|Any CPU
		{375289BB-48E0-421B-B708-4B58F0563ABE}.Release|Any CPU.ActiveCfg = Release|Any CPU
		{375289BB-48E0-421B-B708-4B58F0563ABE}.Release|Any CPU.Build.0 = Release|Any CPU
	EndGlobalSection
	GlobalSection(SolutionProperties) = preSolution
		HideSolutionNode = FALSE
	EndGlobalSection
EndGlobal
