
Microsoft Visual Studio Solution File, Format Version 12.00
# Visual Studio 2013
VisualStudioVersion = 12.0.30501.0
MinimumVisualStudioVersion = 10.0.40219.1
Project("{FAE04EC0-301F-11D3-BF4B-00C04F79EFBC}") = "Web.UI", "StartupApp\Web.UI.csproj", "{B66B82EC-426E-4C18-9B4D-FC4C4383302C}"
EndProject
Project("{FAE04EC0-301F-11D3-BF4B-00C04F79EFBC}") = "Web.UI.Tests", "StartupApp.Tests\Web.UI.Tests.csproj", "{29132B10-A623-4C19-84A1-1649182B8C00}"
EndProject
Project("{FAE04EC0-301F-11D3-BF4B-00C04F79EFBC}") = "Repository", "Repository\Repository.csproj", "{9FB11D36-A03A-448A-BC2D-C9C9F4EE9D1E}"
EndProject
Project("{FAE04EC0-301F-11D3-BF4B-00C04F79EFBC}") = "Web.Security", "Web.Security\Web.Security.csproj", "{375289BB-48E0-421B-B708-4B58F0563ABE}"
EndProject
Project("{FAE04EC0-301F-11D3-BF4B-00C04F79EFBC}") = "Web.API", "Web.Services\Web.API.csproj", "{2686FBA5-EC10-43E4-A58D-4030105BDB47}"
EndProject
Project("{FAE04EC0-301F-11D3-BF4B-00C04F79EFBC}") = "Domain", "Domain\Domain.csproj", "{646BC971-9AE5-4C3A-B3D7-98CFBBAFF7C9}"
EndProject
Project("{2150E333-8FDC-42A3-9474-1A3956D46DE8}") = ".nuget", ".nuget", "{A0F4560A-FCD9-449F-BD69-A1391CC6027D}"
	ProjectSection(SolutionItems) = preProject
		.nuget\NuGet.Config = .nuget\NuGet.Config
		.nuget\NuGet.exe = .nuget\NuGet.exe
		.nuget\NuGet.targets = .nuget\NuGet.targets
	EndProjectSection
EndProject
Project("{FAE04EC0-301F-11D3-BF4B-00C04F79EFBC}") = "Web.Service", "Web.Service\Web.Service.csproj", "{96F61EDB-14FE-417D-B679-498FB8D3E1B9}"
EndProject
Project("{FAE04EC0-301F-11D3-BF4B-00C04F79EFBC}") = "Web.API.Tests", "Web.API.Tests\Web.API.Tests.csproj", "{965B4FD6-32FF-48EA-901F-2D3013B3394F}"
EndProject
Project("{FAE04EC0-301F-11D3-BF4B-00C04F79EFBC}") = "Repository.EF", "Repository.EF\Repository.EF.csproj", "{912DCB4B-B10F-4DC0-9EF8-DBBBE041BEF7}"
EndProject
Project("{2150E333-8FDC-42A3-9474-1A3956D46DE8}") = "Tests", "Tests", "{88847A94-3D71-4084-B2CF-90AD094AB79B}"
EndProject
Project("{2150E333-8FDC-42A3-9474-1A3956D46DE8}") = "Database Access", "Database Access", "{8516E8EA-A9D5-474E-8710-8BB465142B94}"
EndProject
Project("{2150E333-8FDC-42A3-9474-1A3956D46DE8}") = "Services", "Services", "{09FA6FFE-EC28-4D9C-B8B1-7E1CCD3FE927}"
EndProject
Global
	GlobalSection(SolutionConfigurationPlatforms) = preSolution
		Debug|Any CPU = Debug|Any CPU
		Release|Any CPU = Release|Any CPU
	EndGlobalSection
	GlobalSection(ProjectConfigurationPlatforms) = postSolution
		{B66B82EC-426E-4C18-9B4D-FC4C4383302C}.Debug|Any CPU.ActiveCfg = Debug|Any CPU
		{B66B82EC-426E-4C18-9B4D-FC4C4383302C}.Debug|Any CPU.Build.0 = Debug|Any CPU
		{B66B82EC-426E-4C18-9B4D-FC4C4383302C}.Release|Any CPU.ActiveCfg = Release|Any CPU
		{B66B82EC-426E-4C18-9B4D-FC4C4383302C}.Release|Any CPU.Build.0 = Release|Any CPU
		{29132B10-A623-4C19-84A1-1649182B8C00}.Debug|Any CPU.ActiveCfg = Debug|Any CPU
		{29132B10-A623-4C19-84A1-1649182B8C00}.Debug|Any CPU.Build.0 = Debug|Any CPU
		{29132B10-A623-4C19-84A1-1649182B8C00}.Release|Any CPU.ActiveCfg = Release|Any CPU
		{29132B10-A623-4C19-84A1-1649182B8C00}.Release|Any CPU.Build.0 = Release|Any CPU
		{9FB11D36-A03A-448A-BC2D-C9C9F4EE9D1E}.Debug|Any CPU.ActiveCfg = Debug|Any CPU
		{9FB11D36-A03A-448A-BC2D-C9C9F4EE9D1E}.Debug|Any CPU.Build.0 = Debug|Any CPU
		{9FB11D36-A03A-448A-BC2D-C9C9F4EE9D1E}.Release|Any CPU.ActiveCfg = Release|Any CPU
		{9FB11D36-A03A-448A-BC2D-C9C9F4EE9D1E}.Release|Any CPU.Build.0 = Release|Any CPU
		{375289BB-48E0-421B-B708-4B58F0563ABE}.Debug|Any CPU.ActiveCfg = Debug|Any CPU
		{375289BB-48E0-421B-B708-4B58F0563ABE}.Debug|Any CPU.Build.0 = Debug|Any CPU
		{375289BB-48E0-421B-B708-4B58F0563ABE}.Release|Any CPU.ActiveCfg = Release|Any CPU
		{375289BB-48E0-421B-B708-4B58F0563ABE}.Release|Any CPU.Build.0 = Release|Any CPU
		{2686FBA5-EC10-43E4-A58D-4030105BDB47}.Debug|Any CPU.ActiveCfg = Debug|Any CPU
		{2686FBA5-EC10-43E4-A58D-4030105BDB47}.Debug|Any CPU.Build.0 = Debug|Any CPU
		{2686FBA5-EC10-43E4-A58D-4030105BDB47}.Release|Any CPU.ActiveCfg = Release|Any CPU
		{2686FBA5-EC10-43E4-A58D-4030105BDB47}.Release|Any CPU.Build.0 = Release|Any CPU
		{646BC971-9AE5-4C3A-B3D7-98CFBBAFF7C9}.Debug|Any CPU.ActiveCfg = Debug|Any CPU
		{646BC971-9AE5-4C3A-B3D7-98CFBBAFF7C9}.Debug|Any CPU.Build.0 = Debug|Any CPU
		{646BC971-9AE5-4C3A-B3D7-98CFBBAFF7C9}.Release|Any CPU.ActiveCfg = Release|Any CPU
		{646BC971-9AE5-4C3A-B3D7-98CFBBAFF7C9}.Release|Any CPU.Build.0 = Release|Any CPU
		{96F61EDB-14FE-417D-B679-498FB8D3E1B9}.Debug|Any CPU.ActiveCfg = Debug|Any CPU
		{96F61EDB-14FE-417D-B679-498FB8D3E1B9}.Debug|Any CPU.Build.0 = Debug|Any CPU
		{96F61EDB-14FE-417D-B679-498FB8D3E1B9}.Release|Any CPU.ActiveCfg = Release|Any CPU
		{96F61EDB-14FE-417D-B679-498FB8D3E1B9}.Release|Any CPU.Build.0 = Release|Any CPU
		{965B4FD6-32FF-48EA-901F-2D3013B3394F}.Debug|Any CPU.ActiveCfg = Debug|Any CPU
		{965B4FD6-32FF-48EA-901F-2D3013B3394F}.Debug|Any CPU.Build.0 = Debug|Any CPU
		{965B4FD6-32FF-48EA-901F-2D3013B3394F}.Release|Any CPU.ActiveCfg = Release|Any CPU
		{965B4FD6-32FF-48EA-901F-2D3013B3394F}.Release|Any CPU.Build.0 = Release|Any CPU
		{912DCB4B-B10F-4DC0-9EF8-DBBBE041BEF7}.Debug|Any CPU.ActiveCfg = Debug|Any CPU
		{912DCB4B-B10F-4DC0-9EF8-DBBBE041BEF7}.Debug|Any CPU.Build.0 = Debug|Any CPU
		{912DCB4B-B10F-4DC0-9EF8-DBBBE041BEF7}.Release|Any CPU.ActiveCfg = Release|Any CPU
		{912DCB4B-B10F-4DC0-9EF8-DBBBE041BEF7}.Release|Any CPU.Build.0 = Release|Any CPU
	EndGlobalSection
	GlobalSection(SolutionProperties) = preSolution
		HideSolutionNode = FALSE
	EndGlobalSection
	GlobalSection(NestedProjects) = preSolution
		{29132B10-A623-4C19-84A1-1649182B8C00} = {88847A94-3D71-4084-B2CF-90AD094AB79B}
		{9FB11D36-A03A-448A-BC2D-C9C9F4EE9D1E} = {8516E8EA-A9D5-474E-8710-8BB465142B94}
		{2686FBA5-EC10-43E4-A58D-4030105BDB47} = {09FA6FFE-EC28-4D9C-B8B1-7E1CCD3FE927}
		{96F61EDB-14FE-417D-B679-498FB8D3E1B9} = {09FA6FFE-EC28-4D9C-B8B1-7E1CCD3FE927}
		{965B4FD6-32FF-48EA-901F-2D3013B3394F} = {88847A94-3D71-4084-B2CF-90AD094AB79B}
		{912DCB4B-B10F-4DC0-9EF8-DBBBE041BEF7} = {8516E8EA-A9D5-474E-8710-8BB465142B94}
	EndGlobalSection
EndGlobal
